// !$*UTF8*$!
{
	archiveVersion = 1;
	classes = {
	};
	objectVersion = 50;
	objects = {

/* Begin PBXBuildFile section */
		0B0ED54127A532AB00A67F8E /* AppDelegate.swift in Sources */ = {isa = PBXBuildFile; fileRef = 0B0ED54027A532AB00A67F8E /* AppDelegate.swift */; };
		0B0ED54A27A532AC00A67F8E /* Assets.xcassets in Resources */ = {isa = PBXBuildFile; fileRef = 0B0ED54927A532AC00A67F8E /* Assets.xcassets */; };
		0B0ED54D27A532AC00A67F8E /* LaunchScreen.storyboard in Resources */ = {isa = PBXBuildFile; fileRef = 0B0ED54B27A532AC00A67F8E /* LaunchScreen.storyboard */; };
		0B0ED55627A5355A00A67F8E /* AppCoreCoordinator.swift in Sources */ = {isa = PBXBuildFile; fileRef = 0B0ED55527A5355A00A67F8E /* AppCoreCoordinator.swift */; };
		0B0ED55D27A53A4B00A67F8E /* RegistroViewController.swift in Sources */ = {isa = PBXBuildFile; fileRef = 0B0ED55B27A53A4B00A67F8E /* RegistroViewController.swift */; };
		0B0ED55E27A53A4B00A67F8E /* RegistroViewController.xib in Resources */ = {isa = PBXBuildFile; fileRef = 0B0ED55C27A53A4B00A67F8E /* RegistroViewController.xib */; };
		0B0ED56027A53BB300A67F8E /* RegistroCoordinator.swift in Sources */ = {isa = PBXBuildFile; fileRef = 0B0ED55F27A53BB300A67F8E /* RegistroCoordinator.swift */; };
		0B17000127A6991700107D72 /* ListaPostsViewController.swift in Sources */ = {isa = PBXBuildFile; fileRef = 0B17FFFF27A6991700107D72 /* ListaPostsViewController.swift */; };
		0B17000227A6991700107D72 /* ListaPostsViewController.xib in Resources */ = {isa = PBXBuildFile; fileRef = 0B17000027A6991700107D72 /* ListaPostsViewController.xib */; };
		0B17000527A6995300107D72 /* ListCochesViewController.swift in Sources */ = {isa = PBXBuildFile; fileRef = 0B17000427A6995300107D72 /* ListCochesViewController.swift */; };
		0B17000727A6997000107D72 /* ListCochesViewController.xib in Resources */ = {isa = PBXBuildFile; fileRef = 0B17000627A6997000107D72 /* ListCochesViewController.xib */; };
		0B17000927A699D600107D72 /* ListCochesCoordinator.swift in Sources */ = {isa = PBXBuildFile; fileRef = 0B17000827A699D600107D72 /* ListCochesCoordinator.swift */; };
		0B17000B27A69A9D00107D72 /* ListaPostsCoordinator.swift in Sources */ = {isa = PBXBuildFile; fileRef = 0B17000A27A69A9D00107D72 /* ListaPostsCoordinator.swift */; };
		0B17000D27A69DC300107D72 /* HomeViewCoordinator.swift in Sources */ = {isa = PBXBuildFile; fileRef = 0B17000C27A69DC300107D72 /* HomeViewCoordinator.swift */; };
		0B17FFF827A67DFD00107D72 /* Utils.swift in Sources */ = {isa = PBXBuildFile; fileRef = 0B17FFF727A67DFD00107D72 /* Utils.swift */; };
		0B17FFFC27A698D600107D72 /* HomeViewController.swift in Sources */ = {isa = PBXBuildFile; fileRef = 0B17FFFA27A698D600107D72 /* HomeViewController.swift */; };
		0B17FFFD27A698D600107D72 /* HomeViewController.xib in Resources */ = {isa = PBXBuildFile; fileRef = 0B17FFFB27A698D600107D72 /* HomeViewController.xib */; };
/* End PBXBuildFile section */

/* Begin PBXFileReference section */
		0B0ED53D27A532AB00A67F8E /* MiUserDefault.app */ = {isa = PBXFileReference; explicitFileType = wrapper.application; includeInIndex = 0; path = MiUserDefault.app; sourceTree = BUILT_PRODUCTS_DIR; };
		0B0ED54027A532AB00A67F8E /* AppDelegate.swift */ = {isa = PBXFileReference; lastKnownFileType = sourcecode.swift; path = AppDelegate.swift; sourceTree = "<group>"; };
		0B0ED54927A532AC00A67F8E /* Assets.xcassets */ = {isa = PBXFileReference; lastKnownFileType = folder.assetcatalog; path = Assets.xcassets; sourceTree = "<group>"; };
		0B0ED54C27A532AC00A67F8E /* Base */ = {isa = PBXFileReference; lastKnownFileType = file.storyboard; name = Base; path = Base.lproj/LaunchScreen.storyboard; sourceTree = "<group>"; };
		0B0ED54E27A532AC00A67F8E /* Info.plist */ = {isa = PBXFileReference; lastKnownFileType = text.plist.xml; path = Info.plist; sourceTree = "<group>"; };
		0B0ED55527A5355A00A67F8E /* AppCoreCoordinator.swift */ = {isa = PBXFileReference; lastKnownFileType = sourcecode.swift; path = AppCoreCoordinator.swift; sourceTree = "<group>"; };
		0B0ED55B27A53A4B00A67F8E /* RegistroViewController.swift */ = {isa = PBXFileReference; lastKnownFileType = sourcecode.swift; path = RegistroViewController.swift; sourceTree = "<group>"; };
		0B0ED55C27A53A4B00A67F8E /* RegistroViewController.xib */ = {isa = PBXFileReference; lastKnownFileType = file.xib; path = RegistroViewController.xib; sourceTree = "<group>"; };
		0B0ED55F27A53BB300A67F8E /* RegistroCoordinator.swift */ = {isa = PBXFileReference; lastKnownFileType = sourcecode.swift; path = RegistroCoordinator.swift; sourceTree = "<group>"; };
		0B17000027A6991700107D72 /* ListaPostsViewController.xib */ = {isa = PBXFileReference; lastKnownFileType = file.xib; path = ListaPostsViewController.xib; sourceTree = "<group>"; };
		0B17000427A6995300107D72 /* ListCochesViewController.swift */ = {isa = PBXFileReference; lastKnownFileType = sourcecode.swift; path = ListCochesViewController.swift; sourceTree = "<group>"; };
		0B17000627A6997000107D72 /* ListCochesViewController.xib */ = {isa = PBXFileReference; lastKnownFileType = file.xib; path = ListCochesViewController.xib; sourceTree = "<group>"; };
		0B17000827A699D600107D72 /* ListCochesCoordinator.swift */ = {isa = PBXFileReference; lastKnownFileType = sourcecode.swift; path = ListCochesCoordinator.swift; sourceTree = "<group>"; };
		0B17000A27A69A9D00107D72 /* ListaPostsCoordinator.swift */ = {isa = PBXFileReference; lastKnownFileType = sourcecode.swift; path = ListaPostsCoordinator.swift; sourceTree = "<group>"; };
		0B17000C27A69DC300107D72 /* HomeViewCoordinator.swift */ = {isa = PBXFileReference; lastKnownFileType = sourcecode.swift; path = HomeViewCoordinator.swift; sourceTree = "<group>"; };
		0B17FFF727A67DFD00107D72 /* Utils.swift */ = {isa = PBXFileReference; lastKnownFileType = sourcecode.swift; path = Utils.swift; sourceTree = "<group>"; };
		0B17FFFA27A698D600107D72 /* HomeViewController.swift */ = {isa = PBXFileReference; lastKnownFileType = sourcecode.swift; path = HomeViewController.swift; sourceTree = "<group>"; };
		0B17FFFB27A698D600107D72 /* HomeViewController.xib */ = {isa = PBXFileReference; lastKnownFileType = file.xib; path = HomeViewController.xib; sourceTree = "<group>"; };
		0B17FFFF27A6991700107D72 /* ListaPostsViewController.swift */ = {isa = PBXFileReference; lastKnownFileType = sourcecode.swift; path = ListaPostsViewController.swift; sourceTree = "<group>"; };
/* End PBXFileReference section */

/* Begin PBXFrameworksBuildPhase section */
		0B0ED53A27A532AB00A67F8E /* Frameworks */ = {
			isa = PBXFrameworksBuildPhase;
			buildActionMask = 2147483647;
			files = (
			);
			runOnlyForDeploymentPostprocessing = 0;
		};
/* End PBXFrameworksBuildPhase section */

/* Begin PBXGroup section */
		0B0ED53427A532AB00A67F8E = {
			isa = PBXGroup;
			children = (
				0B0ED53F27A532AB00A67F8E /* MiUserDefault */,
				0B0ED53E27A532AB00A67F8E /* Products */,
			);
			sourceTree = "<group>";
		};
		0B0ED53E27A532AB00A67F8E /* Products */ = {
			isa = PBXGroup;
			children = (
				0B0ED53D27A532AB00A67F8E /* MiUserDefault.app */,
			);
			name = Products;
			sourceTree = "<group>";
		};
		0B0ED53F27A532AB00A67F8E /* MiUserDefault */ = {
			isa = PBXGroup;
			children = (
				0B17FFF627A67DE800107D72 /* Utils+Helpers */,
				0B0ED55727A53A0200A67F8E /* Source */,
				0B0ED55427A5345900A67F8E /* CoreApp */,
				0B0ED54927A532AC00A67F8E /* Assets.xcassets */,
				0B0ED54B27A532AC00A67F8E /* LaunchScreen.storyboard */,
				0B0ED54E27A532AC00A67F8E /* Info.plist */,
			);
			path = MiUserDefault;
			sourceTree = "<group>";
		};
		0B0ED55427A5345900A67F8E /* CoreApp */ = {
			isa = PBXGroup;
			children = (
				0B0ED54027A532AB00A67F8E /* AppDelegate.swift */,
				0B0ED55527A5355A00A67F8E /* AppCoreCoordinator.swift */,
			);
			path = CoreApp;
			sourceTree = "<group>";
		};
		0B0ED55727A53A0200A67F8E /* Source */ = {
			isa = PBXGroup;
			children = (
				0B17000327A6991C00107D72 /* ListaCochesView */,
				0B17FFFE27A698DF00107D72 /* ListaPostView */,
				0B17FFF927A698B700107D72 /* HomeVIew */,
				0B0ED55827A53A0B00A67F8E /* RegistroView */,
			);
			path = Source;
			sourceTree = "<group>";
		};
		0B0ED55827A53A0B00A67F8E /* RegistroView */ = {
			isa = PBXGroup;
			children = (
				0B0ED55B27A53A4B00A67F8E /* RegistroViewController.swift */,
				0B0ED55C27A53A4B00A67F8E /* RegistroViewController.xib */,
				0B0ED55F27A53BB300A67F8E /* RegistroCoordinator.swift */,
			);
			path = RegistroView;
			sourceTree = "<group>";
		};
		0B17000327A6991C00107D72 /* ListaCochesView */ = {
			isa = PBXGroup;
			children = (
				0B17000427A6995300107D72 /* ListCochesViewController.swift */,
				0B17000627A6997000107D72 /* ListCochesViewController.xib */,
				0B17000827A699D600107D72 /* ListCochesCoordinator.swift */,
			);
			path = ListaCochesView;
			sourceTree = "<group>";
		};
		0B17FFF627A67DE800107D72 /* Utils+Helpers */ = {
			isa = PBXGroup;
			children = (
				0B17FFF727A67DFD00107D72 /* Utils.swift */,
			);
			path = "Utils+Helpers";
			sourceTree = "<group>";
		};
		0B17FFF927A698B700107D72 /* HomeVIew */ = {
			isa = PBXGroup;
			children = (
				0B17FFFA27A698D600107D72 /* HomeViewController.swift */,
				0B17FFFB27A698D600107D72 /* HomeViewController.xib */,
				0B17000C27A69DC300107D72 /* HomeViewCoordinator.swift */,
			);
			path = HomeVIew;
			sourceTree = "<group>";
		};
		0B17FFFE27A698DF00107D72 /* ListaPostView */ = {
			isa = PBXGroup;
			children = (
				0B17FFFF27A6991700107D72 /* ListaPostsViewController.swift */,
				0B17000027A6991700107D72 /* ListaPostsViewController.xib */,
				0B17000A27A69A9D00107D72 /* ListaPostsCoordinator.swift */,
			);
			path = ListaPostView;
			sourceTree = "<group>";
		};
/* End PBXGroup section */

/* Begin PBXNativeTarget section */
		0B0ED53C27A532AB00A67F8E /* MiUserDefault */ = {
			isa = PBXNativeTarget;
			buildConfigurationList = 0B0ED55127A532AC00A67F8E /* Build configuration list for PBXNativeTarget "MiUserDefault" */;
			buildPhases = (
				0B0ED53927A532AB00A67F8E /* Sources */,
				0B0ED53A27A532AB00A67F8E /* Frameworks */,
				0B0ED53B27A532AB00A67F8E /* Resources */,
			);
			buildRules = (
			);
			dependencies = (
			);
			name = MiUserDefault;
			productName = MiUserDefault;
			productReference = 0B0ED53D27A532AB00A67F8E /* MiUserDefault.app */;
			productType = "com.apple.product-type.application";
		};
/* End PBXNativeTarget section */

/* Begin PBXProject section */
		0B0ED53527A532AB00A67F8E /* Project object */ = {
			isa = PBXProject;
			attributes = {
				LastSwiftUpdateCheck = 1250;
				LastUpgradeCheck = 1250;
				TargetAttributes = {
					0B0ED53C27A532AB00A67F8E = {
						CreatedOnToolsVersion = 12.5.1;
					};
				};
			};
			buildConfigurationList = 0B0ED53827A532AB00A67F8E /* Build configuration list for PBXProject "MiUserDefault" */;
			compatibilityVersion = "Xcode 9.3";
			developmentRegion = en;
			hasScannedForEncodings = 0;
			knownRegions = (
				en,
				Base,
			);
			mainGroup = 0B0ED53427A532AB00A67F8E;
			productRefGroup = 0B0ED53E27A532AB00A67F8E /* Products */;
			projectDirPath = "";
			projectRoot = "";
			targets = (
				0B0ED53C27A532AB00A67F8E /* MiUserDefault */,
			);
		};
/* End PBXProject section */

/* Begin PBXResourcesBuildPhase section */
		0B0ED53B27A532AB00A67F8E /* Resources */ = {
			isa = PBXResourcesBuildPhase;
			buildActionMask = 2147483647;
			files = (
				0B17000227A6991700107D72 /* ListaPostsViewController.xib in Resources */,
				0B0ED55E27A53A4B00A67F8E /* RegistroViewController.xib in Resources */,
				0B0ED54D27A532AC00A67F8E /* LaunchScreen.storyboard in Resources */,
				0B17000727A6997000107D72 /* ListCochesViewController.xib in Resources */,
				0B0ED54A27A532AC00A67F8E /* Assets.xcassets in Resources */,
				0B17FFFD27A698D600107D72 /* HomeViewController.xib in Resources */,
			);
			runOnlyForDeploymentPostprocessing = 0;
		};
/* End PBXResourcesBuildPhase section */

/* Begin PBXSourcesBuildPhase section */
		0B0ED53927A532AB00A67F8E /* Sources */ = {
			isa = PBXSourcesBuildPhase;
			buildActionMask = 2147483647;
			files = (
				0B17000527A6995300107D72 /* ListCochesViewController.swift in Sources */,
				0B17FFF827A67DFD00107D72 /* Utils.swift in Sources */,
				0B0ED54127A532AB00A67F8E /* AppDelegate.swift in Sources */,
				0B0ED55D27A53A4B00A67F8E /* RegistroViewController.swift in Sources */,
				0B17000B27A69A9D00107D72 /* ListaPostsCoordinator.swift in Sources */,
				0B17000927A699D600107D72 /* ListCochesCoordinator.swift in Sources */,
				0B0ED55627A5355A00A67F8E /* AppCoreCoordinator.swift in Sources */,
				0B0ED56027A53BB300A67F8E /* RegistroCoordinator.swift in Sources */,
				0B17FFFC27A698D600107D72 /* HomeViewController.swift in Sources */,
				0B17000127A6991700107D72 /* ListaPostsViewController.swift in Sources */,
				0B17000D27A69DC300107D72 /* HomeViewCoordinator.swift in Sources */,
			);
			runOnlyForDeploymentPostprocessing = 0;
		};
/* End PBXSourcesBuildPhase section */

/* Begin PBXVariantGroup section */
		0B0ED54B27A532AC00A67F8E /* LaunchScreen.storyboard */ = {
			isa = PBXVariantGroup;
			children = (
				0B0ED54C27A532AC00A67F8E /* Base */,
			);
			name = LaunchScreen.storyboard;
			sourceTree = "<group>";
		};
/* End PBXVariantGroup section */

/* Begin XCBuildConfiguration section */
		0B0ED54F27A532AC00A67F8E /* Debug */ = {
			isa = XCBuildConfiguration;
			buildSettings = {
				ALWAYS_SEARCH_USER_PATHS = NO;
				CLANG_ANALYZER_NONNULL = YES;
				CLANG_ANALYZER_NUMBER_OBJECT_CONVERSION = YES_AGGRESSIVE;
				CLANG_CXX_LANGUAGE_STANDARD = "gnu++14";
				CLANG_CXX_LIBRARY = "libc++";
				CLANG_ENABLE_MODULES = YES;
				CLANG_ENABLE_OBJC_ARC = YES;
				CLANG_ENABLE_OBJC_WEAK = YES;
				CLANG_WARN_BLOCK_CAPTURE_AUTORELEASING = YES;
				CLANG_WARN_BOOL_CONVERSION = YES;
				CLANG_WARN_COMMA = YES;
				CLANG_WARN_CONSTANT_CONVERSION = YES;
				CLANG_WARN_DEPRECATED_OBJC_IMPLEMENTATIONS = YES;
				CLANG_WARN_DIRECT_OBJC_ISA_USAGE = YES_ERROR;
				CLANG_WARN_DOCUMENTATION_COMMENTS = YES;
				CLANG_WARN_EMPTY_BODY = YES;
				CLANG_WARN_ENUM_CONVERSION = YES;
				CLANG_WARN_INFINITE_RECURSION = YES;
				CLANG_WARN_INT_CONVERSION = YES;
				CLANG_WARN_NON_LITERAL_NULL_CONVERSION = YES;
				CLANG_WARN_OBJC_IMPLICIT_RETAIN_SELF = YES;
				CLANG_WARN_OBJC_LITERAL_CONVERSION = YES;
				CLANG_WARN_OBJC_ROOT_CLASS = YES_ERROR;
				CLANG_WARN_QUOTED_INCLUDE_IN_FRAMEWORK_HEADER = YES;
				CLANG_WARN_RANGE_LOOP_ANALYSIS = YES;
				CLANG_WARN_STRICT_PROTOTYPES = YES;
				CLANG_WARN_SUSPICIOUS_MOVE = YES;
				CLANG_WARN_UNGUARDED_AVAILABILITY = YES_AGGRESSIVE;
				CLANG_WARN_UNREACHABLE_CODE = YES;
				CLANG_WARN__DUPLICATE_METHOD_MATCH = YES;
				COPY_PHASE_STRIP = NO;
				DEBUG_INFORMATION_FORMAT = dwarf;
				ENABLE_STRICT_OBJC_MSGSEND = YES;
				ENABLE_TESTABILITY = YES;
				GCC_C_LANGUAGE_STANDARD = gnu11;
				GCC_DYNAMIC_NO_PIC = NO;
				GCC_NO_COMMON_BLOCKS = YES;
				GCC_OPTIMIZATION_LEVEL = 0;
				GCC_PREPROCESSOR_DEFINITIONS = (
					"DEBUG=1",
					"$(inherited)",
				);
				GCC_WARN_64_TO_32_BIT_CONVERSION = YES;
				GCC_WARN_ABOUT_RETURN_TYPE = YES_ERROR;
				GCC_WARN_UNDECLARED_SELECTOR = YES;
				GCC_WARN_UNINITIALIZED_AUTOS = YES_AGGRESSIVE;
				GCC_WARN_UNUSED_FUNCTION = YES;
				GCC_WARN_UNUSED_VARIABLE = YES;
				IPHONEOS_DEPLOYMENT_TARGET = 14.5;
				MTL_ENABLE_DEBUG_INFO = INCLUDE_SOURCE;
				MTL_FAST_MATH = YES;
				ONLY_ACTIVE_ARCH = YES;
				SDKROOT = iphoneos;
				SWIFT_ACTIVE_COMPILATION_CONDITIONS = DEBUG;
				SWIFT_OPTIMIZATION_LEVEL = "-Onone";
			};
			name = Debug;
		};
		0B0ED55027A532AC00A67F8E /* Release */ = {
			isa = XCBuildConfiguration;
			buildSettings = {
				ALWAYS_SEARCH_USER_PATHS = NO;
				CLANG_ANALYZER_NONNULL = YES;
				CLANG_ANALYZER_NUMBER_OBJECT_CONVERSION = YES_AGGRESSIVE;
				CLANG_CXX_LANGUAGE_STANDARD = "gnu++14";
				CLANG_CXX_LIBRARY = "libc++";
				CLANG_ENABLE_MODULES = YES;
				CLANG_ENABLE_OBJC_ARC = YES;
				CLANG_ENABLE_OBJC_WEAK = YES;
				CLANG_WARN_BLOCK_CAPTURE_AUTORELEASING = YES;
				CLANG_WARN_BOOL_CONVERSION = YES;
				CLANG_WARN_COMMA = YES;
				CLANG_WARN_CONSTANT_CONVERSION = YES;
				CLANG_WARN_DEPRECATED_OBJC_IMPLEMENTATIONS = YES;
				CLANG_WARN_DIRECT_OBJC_ISA_USAGE = YES_ERROR;
				CLANG_WARN_DOCUMENTATION_COMMENTS = YES;
				CLANG_WARN_EMPTY_BODY = YES;
				CLANG_WARN_ENUM_CONVERSION = YES;
				CLANG_WARN_INFINITE_RECURSION = YES;
				CLANG_WARN_INT_CONVERSION = YES;
				CLANG_WARN_NON_LITERAL_NULL_CONVERSION = YES;
				CLANG_WARN_OBJC_IMPLICIT_RETAIN_SELF = YES;
				CLANG_WARN_OBJC_LITERAL_CONVERSION = YES;
				CLANG_WARN_OBJC_ROOT_CLASS = YES_ERROR;
				CLANG_WARN_QUOTED_INCLUDE_IN_FRAMEWORK_HEADER = YES;
				CLANG_WARN_RANGE_LOOP_ANALYSIS = YES;
				CLANG_WARN_STRICT_PROTOTYPES = YES;
				CLANG_WARN_SUSPICIOUS_MOVE = YES;
				CLANG_WARN_UNGUARDED_AVAILABILITY = YES_AGGRESSIVE;
				CLANG_WARN_UNREACHABLE_CODE = YES;
				CLANG_WARN__DUPLICATE_METHOD_MATCH = YES;
				COPY_PHASE_STRIP = NO;
				DEBUG_INFORMATION_FORMAT = "dwarf-with-dsym";
				ENABLE_NS_ASSERTIONS = NO;
				ENABLE_STRICT_OBJC_MSGSEND = YES;
				GCC_C_LANGUAGE_STANDARD = gnu11;
				GCC_NO_COMMON_BLOCKS = YES;
				GCC_WARN_64_TO_32_BIT_CONVERSION = YES;
				GCC_WARN_ABOUT_RETURN_TYPE = YES_ERROR;
				GCC_WARN_UNDECLARED_SELECTOR = YES;
				GCC_WARN_UNINITIALIZED_AUTOS = YES_AGGRESSIVE;
				GCC_WARN_UNUSED_FUNCTION = YES;
				GCC_WARN_UNUSED_VARIABLE = YES;
				IPHONEOS_DEPLOYMENT_TARGET = 14.5;
				MTL_ENABLE_DEBUG_INFO = NO;
				MTL_FAST_MATH = YES;
				SDKROOT = iphoneos;
				SWIFT_COMPILATION_MODE = wholemodule;
				SWIFT_OPTIMIZATION_LEVEL = "-O";
				VALIDATE_PRODUCT = YES;
			};
			name = Release;
		};
		0B0ED55227A532AC00A67F8E /* Debug */ = {
			isa = XCBuildConfiguration;
			buildSettings = {
				ASSETCATALOG_COMPILER_APPICON_NAME = AppIcon;
				ASSETCATALOG_COMPILER_GLOBAL_ACCENT_COLOR_NAME = AccentColor;
				CODE_SIGN_STYLE = Automatic;
				DEVELOPMENT_TEAM = "";
				INFOPLIST_FILE = MiUserDefault/Info.plist;
				LD_RUNPATH_SEARCH_PATHS = (
					"$(inherited)",
					"@executable_path/Frameworks",
				);
				PRODUCT_BUNDLE_IDENTIFIER = com.cice.education.Tecnologia.iOS.MiUserDefault;
				PRODUCT_NAME = "$(TARGET_NAME)";
				SWIFT_VERSION = 5.0;
				TARGETED_DEVICE_FAMILY = 1;
			};
			name = Debug;
		};
		0B0ED55327A532AC00A67F8E /* Release */ = {
			isa = XCBuildConfiguration;
			buildSettings = {
				ASSETCATALOG_COMPILER_APPICON_NAME = AppIcon;
				ASSETCATALOG_COMPILER_GLOBAL_ACCENT_COLOR_NAME = AccentColor;
				CODE_SIGN_STYLE = Automatic;
				DEVELOPMENT_TEAM = "";
				INFOPLIST_FILE = MiUserDefault/Info.plist;
				LD_RUNPATH_SEARCH_PATHS = (
					"$(inherited)",
					"@executable_path/Frameworks",
				);
				PRODUCT_BUNDLE_IDENTIFIER = com.cice.education.Tecnologia.iOS.MiUserDefault;
				PRODUCT_NAME = "$(TARGET_NAME)";
				SWIFT_VERSION = 5.0;
				TARGETED_DEVICE_FAMILY = 1;
			};
			name = Release;
		};
/* End XCBuildConfiguration section */

/* Begin XCConfigurationList section */
		0B0ED53827A532AB00A67F8E /* Build configuration list for PBXProject "MiUserDefault" */ = {
			isa = XCConfigurationList;
			buildConfigurations = (
				0B0ED54F27A532AC00A67F8E /* Debug */,
				0B0ED55027A532AC00A67F8E /* Release */,
			);
			defaultConfigurationIsVisible = 0;
			defaultConfigurationName = Release;
		};
		0B0ED55127A532AC00A67F8E /* Build configuration list for PBXNativeTarget "MiUserDefault" */ = {
			isa = XCConfigurationList;
			buildConfigurations = (
				0B0ED55227A532AC00A67F8E /* Debug */,
				0B0ED55327A532AC00A67F8E /* Release */,
			);
			defaultConfigurationIsVisible = 0;
			defaultConfigurationName = Release;
		};
/* End XCConfigurationList section */
	};
	rootObject = 0B0ED53527A532AB00A67F8E /* Project object */;
}
